
Microsoft Visual Studio Solution File, Format Version 12.00
# Visual Studio Version 16
VisualStudioVersion = 16.0.31005.135
MinimumVisualStudioVersion = 10.0.40219.1
Project("{2150E333-8FDC-42A3-9474-1A3956D46DE8}") = "Feature", "Feature", "{A8AC5F05-3F66-4363-B7CD-26702E40FCED}"
EndProject
Project("{FAE04EC0-301F-11D3-BF4B-00C04F79EFBC}") = "SC.Interactions.Exporter", "src\Feature\InteractionsExporter\website\SC.Interactions.Exporter.csproj", "{3A647170-6CF6-488A-9729-8B0D45F32BAF}"
EndProject
Global
	GlobalSection(SolutionConfigurationPlatforms) = preSolution
		Debug|Any CPU = Debug|Any CPU
		Release|Any CPU = Release|Any CPU
	EndGlobalSection
	GlobalSection(ProjectConfigurationPlatforms) = postSolution
		{3A647170-6CF6-488A-9729-8B0D45F32BAF}.Debug|Any CPU.ActiveCfg = Debug|Any CPU
		{3A647170-6CF6-488A-9729-8B0D45F32BAF}.Debug|Any CPU.Build.0 = Debug|Any CPU
		{3A647170-6CF6-488A-9729-8B0D45F32BAF}.Release|Any CPU.ActiveCfg = Release|Any CPU
		{3A647170-6CF6-488A-9729-8B0D45F32BAF}.Release|Any CPU.Build.0 = Release|Any CPU
	EndGlobalSection
	GlobalSection(SolutionProperties) = preSolution
		HideSolutionNode = FALSE
	EndGlobalSection
	GlobalSection(NestedProjects) = preSolution
		{3A647170-6CF6-488A-9729-8B0D45F32BAF} = {A8AC5F05-3F66-4363-B7CD-26702E40FCED}
	EndGlobalSection
	GlobalSection(ExtensibilityGlobals) = postSolution
		SolutionGuid = {768EC35C-5BE1-43E9-9C1F-C2CB8E3750DC}
	EndGlobalSection
EndGlobal
